
Microsoft Visual Studio Solution File, Format Version 12.00
# Visual Studio Version 16
VisualStudioVersion = 16.0.31624.102
MinimumVisualStudioVersion = 10.0.40219.1
Project("{FAE04EC0-301F-11D3-BF4B-00C04F79EFBC}") = "Laba_1.UWP", "Laba_1.UWP\Laba_1.UWP.csproj", "{069E7623-042C-4D01-962B-D3D660317FEB}"
EndProject
Project("{FAE04EC0-301F-11D3-BF4B-00C04F79EFBC}") = "Laba_1.Android", "Laba_1.Android\Laba_1.Android.csproj", "{BC9EFBA6-8F89-46A0-8B7B-14C3FBC5A8D7}"
EndProject
Project("{FAE04EC0-301F-11D3-BF4B-00C04F79EFBC}") = "Laba_1", "Laba_1\Laba_1.csproj", "{ED9F35D1-3386-4CD8-BCC7-7517688EBD87}"
EndProject
Global
	GlobalSection(SolutionConfigurationPlatforms) = preSolution
		Debug|Any CPU = Debug|Any CPU
		Debug|ARM = Debug|ARM
		Debug|x64 = Debug|x64
		Debug|x86 = Debug|x86
		Release|Any CPU = Release|Any CPU
		Release|ARM = Release|ARM
		Release|x64 = Release|x64
		Release|x86 = Release|x86
	EndGlobalSection
	GlobalSection(ProjectConfigurationPlatforms) = postSolution
		{069E7623-042C-4D01-962B-D3D660317FEB}.Debug|Any CPU.ActiveCfg = Debug|x86
		{069E7623-042C-4D01-962B-D3D660317FEB}.Debug|Any CPU.Build.0 = Debug|x86
		{069E7623-042C-4D01-962B-D3D660317FEB}.Debug|Any CPU.Deploy.0 = Debug|x86
		{069E7623-042C-4D01-962B-D3D660317FEB}.Debug|ARM.ActiveCfg = Debug|ARM
		{069E7623-042C-4D01-962B-D3D660317FEB}.Debug|ARM.Build.0 = Debug|ARM
		{069E7623-042C-4D01-962B-D3D660317FEB}.Debug|ARM.Deploy.0 = Debug|ARM
		{069E7623-042C-4D01-962B-D3D660317FEB}.Debug|x64.ActiveCfg = Debug|x64
		{069E7623-042C-4D01-962B-D3D660317FEB}.Debug|x64.Build.0 = Debug|x64
		{069E7623-042C-4D01-962B-D3D660317FEB}.Debug|x64.Deploy.0 = Debug|x64
		{069E7623-042C-4D01-962B-D3D660317FEB}.Debug|x86.ActiveCfg = Debug|x86
		{069E7623-042C-4D01-962B-D3D660317FEB}.Debug|x86.Build.0 = Debug|x86
		{069E7623-042C-4D01-962B-D3D660317FEB}.Debug|x86.Deploy.0 = Debug|x86
		{069E7623-042C-4D01-962B-D3D660317FEB}.Release|Any CPU.ActiveCfg = Release|x86
		{069E7623-042C-4D01-962B-D3D660317FEB}.Release|Any CPU.Build.0 = Release|x86
		{069E7623-042C-4D01-962B-D3D660317FEB}.Release|Any CPU.Deploy.0 = Release|x86
		{069E7623-042C-4D01-962B-D3D660317FEB}.Release|ARM.ActiveCfg = Release|ARM
		{069E7623-042C-4D01-962B-D3D660317FEB}.Release|ARM.Build.0 = Release|ARM
		{069E7623-042C-4D01-962B-D3D660317FEB}.Release|ARM.Deploy.0 = Release|ARM
		{069E7623-042C-4D01-962B-D3D660317FEB}.Release|x64.ActiveCfg = Release|x64
		{069E7623-042C-4D01-962B-D3D660317FEB}.Release|x64.Build.0 = Release|x64
		{069E7623-042C-4D01-962B-D3D660317FEB}.Release|x64.Deploy.0 = Release|x64
		{069E7623-042C-4D01-962B-D3D660317FEB}.Release|x86.ActiveCfg = Release|x86
		{069E7623-042C-4D01-962B-D3D660317FEB}.Release|x86.Build.0 = Release|x86
		{069E7623-042C-4D01-962B-D3D660317FEB}.Release|x86.Deploy.0 = Release|x86
		{BC9EFBA6-8F89-46A0-8B7B-14C3FBC5A8D7}.Debug|Any CPU.ActiveCfg = Debug|Any CPU
		{BC9EFBA6-8F89-46A0-8B7B-14C3FBC5A8D7}.Debug|Any CPU.Build.0 = Debug|Any CPU
		{BC9EFBA6-8F89-46A0-8B7B-14C3FBC5A8D7}.Debug|Any CPU.Deploy.0 = Debug|Any CPU
		{BC9EFBA6-8F89-46A0-8B7B-14C3FBC5A8D7}.Debug|ARM.ActiveCfg = Debug|Any CPU
		{BC9EFBA6-8F89-46A0-8B7B-14C3FBC5A8D7}.Debug|ARM.Build.0 = Debug|Any CPU
		{BC9EFBA6-8F89-46A0-8B7B-14C3FBC5A8D7}.Debug|ARM.Deploy.0 = Debug|Any CPU
		{BC9EFBA6-8F89-46A0-8B7B-14C3FBC5A8D7}.Debug|x64.ActiveCfg = Debug|Any CPU
		{BC9EFBA6-8F89-46A0-8B7B-14C3FBC5A8D7}.Debug|x64.Build.0 = Debug|Any CPU
		{BC9EFBA6-8F89-46A0-8B7B-14C3FBC5A8D7}.Debug|x64.Deploy.0 = Debug|Any CPU
		{BC9EFBA6-8F89-46A0-8B7B-14C3FBC5A8D7}.Debug|x86.ActiveCfg = Debug|Any CPU
		{BC9EFBA6-8F89-46A0-8B7B-14C3FBC5A8D7}.Debug|x86.Build.0 = Debug|Any CPU
		{BC9EFBA6-8F89-46A0-8B7B-14C3FBC5A8D7}.Debug|x86.Deploy.0 = Debug|Any CPU
		{BC9EFBA6-8F89-46A0-8B7B-14C3FBC5A8D7}.Release|Any CPU.ActiveCfg = Release|Any CPU
		{BC9EFBA6-8F89-46A0-8B7B-14C3FBC5A8D7}.Release|Any CPU.Build.0 = Release|Any CPU
		{BC9EFBA6-8F89-46A0-8B7B-14C3FBC5A8D7}.Release|Any CPU.Deploy.0 = Release|Any CPU
		{BC9EFBA6-8F89-46A0-8B7B-14C3FBC5A8D7}.Release|ARM.ActiveCfg = Release|Any CPU
		{BC9EFBA6-8F89-46A0-8B7B-14C3FBC5A8D7}.Release|ARM.Build.0 = Release|Any CPU
		{BC9EFBA6-8F89-46A0-8B7B-14C3FBC5A8D7}.Release|ARM.Deploy.0 = Release|Any CPU
		{BC9EFBA6-8F89-46A0-8B7B-14C3FBC5A8D7}.Release|x64.ActiveCfg = Release|Any CPU
		{BC9EFBA6-8F89-46A0-8B7B-14C3FBC5A8D7}.Release|x64.Build.0 = Release|Any CPU
		{BC9EFBA6-8F89-46A0-8B7B-14C3FBC5A8D7}.Release|x64.Deploy.0 = Release|Any CPU
		{BC9EFBA6-8F89-46A0-8B7B-14C3FBC5A8D7}.Release|x86.ActiveCfg = Release|Any CPU
		{BC9EFBA6-8F89-46A0-8B7B-14C3FBC5A8D7}.Release|x86.Build.0 = Release|Any CPU
		{BC9EFBA6-8F89-46A0-8B7B-14C3FBC5A8D7}.Release|x86.Deploy.0 = Release|Any CPU
		{ED9F35D1-3386-4CD8-BCC7-7517688EBD87}.Debug|Any CPU.ActiveCfg = Debug|Any CPU
		{ED9F35D1-3386-4CD8-BCC7-7517688EBD87}.Debug|Any CPU.Build.0 = Debug|Any CPU
		{ED9F35D1-3386-4CD8-BCC7-7517688EBD87}.Debug|Any CPU.Deploy.0 = Debug|Any CPU
		{ED9F35D1-3386-4CD8-BCC7-7517688EBD87}.Debug|ARM.ActiveCfg = Debug|Any CPU
		{ED9F35D1-3386-4CD8-BCC7-7517688EBD87}.Debug|ARM.Build.0 = Debug|Any CPU
		{ED9F35D1-3386-4CD8-BCC7-7517688EBD87}.Debug|ARM.Deploy.0 = Debug|Any CPU
		{ED9F35D1-3386-4CD8-BCC7-7517688EBD87}.Debug|x64.ActiveCfg = Debug|Any CPU
		{ED9F35D1-3386-4CD8-BCC7-7517688EBD87}.Debug|x64.Build.0 = Debug|Any CPU
		{ED9F35D1-3386-4CD8-BCC7-7517688EBD87}.Debug|x64.Deploy.0 = Debug|Any CPU
		{ED9F35D1-3386-4CD8-BCC7-7517688EBD87}.Debug|x86.ActiveCfg = Debug|Any CPU
		{ED9F35D1-3386-4CD8-BCC7-7517688EBD87}.Debug|x86.Build.0 = Debug|Any CPU
		{ED9F35D1-3386-4CD8-BCC7-7517688EBD87}.Debug|x86.Deploy.0 = Debug|Any CPU
		{ED9F35D1-3386-4CD8-BCC7-7517688EBD87}.Release|Any CPU.ActiveCfg = Release|Any CPU
		{ED9F35D1-3386-4CD8-BCC7-7517688EBD87}.Release|Any CPU.Build.0 = Release|Any CPU
		{ED9F35D1-3386-4CD8-BCC7-7517688EBD87}.Release|Any CPU.Deploy.0 = Release|Any CPU
		{ED9F35D1-3386-4CD8-BCC7-7517688EBD87}.Release|ARM.ActiveCfg = Release|Any CPU
		{ED9F35D1-3386-4CD8-BCC7-7517688EBD87}.Release|ARM.Build.0 = Release|Any CPU
		{ED9F35D1-3386-4CD8-BCC7-7517688EBD87}.Release|ARM.Deploy.0 = Release|Any CPU
		{ED9F35D1-3386-4CD8-BCC7-7517688EBD87}.Release|x64.ActiveCfg = Release|Any CPU
		{ED9F35D1-3386-4CD8-BCC7-7517688EBD87}.Release|x64.Build.0 = Release|Any CPU
		{ED9F35D1-3386-4CD8-BCC7-7517688EBD87}.Release|x64.Deploy.0 = Release|Any CPU
		{ED9F35D1-3386-4CD8-BCC7-7517688EBD87}.Release|x86.ActiveCfg = Release|Any CPU
		{ED9F35D1-3386-4CD8-BCC7-7517688EBD87}.Release|x86.Build.0 = Release|Any CPU
		{ED9F35D1-3386-4CD8-BCC7-7517688EBD87}.Release|x86.Deploy.0 = Release|Any CPU
	EndGlobalSection
	GlobalSection(SolutionProperties) = preSolution
		HideSolutionNode = FALSE
	EndGlobalSection
	GlobalSection(ExtensibilityGlobals) = postSolution
		SolutionGuid = {44428959-3C43-44EF-B18F-96CF0814AD5A}
	EndGlobalSection
EndGlobal
